
Microsoft Visual Studio Solution File, Format Version 12.00
# Visual Studio 15
VisualStudioVersion = 15.0.27130.2003
MinimumVisualStudioVersion = 10.0.40219.1
Project("{8BC9CEB8-8B4A-11D0-8D11-00A0C91BC942}") = "directx-math", "directx-math\directx-math.vcxproj", "{6FBF856B-4925-443D-AD83-CE1D703AEDB4}"
EndProject
Project("{8BC9CEB8-8B4A-11D0-8D11-00A0C91BC942}") = "Init_Direct3D", "Init_Direct3D\Init_Direct3D.vcxproj", "{939DF747-6EE9-4BDA-8559-BC5FD292F30D}"
EndProject
Project("{8BC9CEB8-8B4A-11D0-8D11-00A0C91BC942}") = "Box", "Box\Box.vcxproj", "{4B1369FE-8A71-412A-8618-E839E227C942}"
EndProject
Project("{8BC9CEB8-8B4A-11D0-8D11-00A0C91BC942}") = "Shapes", "Shapes\Shapes.vcxproj", "{BF870FBA-B875-4D06-86A0-8D033BB6DFE4}"
EndProject
Global
	GlobalSection(SolutionConfigurationPlatforms) = preSolution
		Debug|x64 = Debug|x64
		Debug|x86 = Debug|x86
		Release|x64 = Release|x64
		Release|x86 = Release|x86
	EndGlobalSection
	GlobalSection(ProjectConfigurationPlatforms) = postSolution
		{6FBF856B-4925-443D-AD83-CE1D703AEDB4}.Debug|x64.ActiveCfg = Debug|x64
		{6FBF856B-4925-443D-AD83-CE1D703AEDB4}.Debug|x64.Build.0 = Debug|x64
		{6FBF856B-4925-443D-AD83-CE1D703AEDB4}.Debug|x86.ActiveCfg = Debug|Win32
		{6FBF856B-4925-443D-AD83-CE1D703AEDB4}.Debug|x86.Build.0 = Debug|Win32
		{6FBF856B-4925-443D-AD83-CE1D703AEDB4}.Release|x64.ActiveCfg = Release|x64
		{6FBF856B-4925-443D-AD83-CE1D703AEDB4}.Release|x64.Build.0 = Release|x64
		{6FBF856B-4925-443D-AD83-CE1D703AEDB4}.Release|x86.ActiveCfg = Release|Win32
		{6FBF856B-4925-443D-AD83-CE1D703AEDB4}.Release|x86.Build.0 = Release|Win32
		{939DF747-6EE9-4BDA-8559-BC5FD292F30D}.Debug|x64.ActiveCfg = Debug|x64
		{939DF747-6EE9-4BDA-8559-BC5FD292F30D}.Debug|x64.Build.0 = Debug|x64
		{939DF747-6EE9-4BDA-8559-BC5FD292F30D}.Debug|x86.ActiveCfg = Debug|Win32
		{939DF747-6EE9-4BDA-8559-BC5FD292F30D}.Debug|x86.Build.0 = Debug|Win32
		{939DF747-6EE9-4BDA-8559-BC5FD292F30D}.Release|x64.ActiveCfg = Release|x64
		{939DF747-6EE9-4BDA-8559-BC5FD292F30D}.Release|x64.Build.0 = Release|x64
		{939DF747-6EE9-4BDA-8559-BC5FD292F30D}.Release|x86.ActiveCfg = Release|Win32
		{939DF747-6EE9-4BDA-8559-BC5FD292F30D}.Release|x86.Build.0 = Release|Win32
		{4B1369FE-8A71-412A-8618-E839E227C942}.Debug|x64.ActiveCfg = Debug|x64
		{4B1369FE-8A71-412A-8618-E839E227C942}.Debug|x64.Build.0 = Debug|x64
		{4B1369FE-8A71-412A-8618-E839E227C942}.Debug|x86.ActiveCfg = Debug|Win32
		{4B1369FE-8A71-412A-8618-E839E227C942}.Debug|x86.Build.0 = Debug|Win32
		{4B1369FE-8A71-412A-8618-E839E227C942}.Release|x64.ActiveCfg = Release|x64
		{4B1369FE-8A71-412A-8618-E839E227C942}.Release|x64.Build.0 = Release|x64
		{4B1369FE-8A71-412A-8618-E839E227C942}.Release|x86.ActiveCfg = Release|Win32
		{4B1369FE-8A71-412A-8618-E839E227C942}.Release|x86.Build.0 = Release|Win32
		{BF870FBA-B875-4D06-86A0-8D033BB6DFE4}.Debug|x64.ActiveCfg = Debug|x64
		{BF870FBA-B875-4D06-86A0-8D033BB6DFE4}.Debug|x64.Build.0 = Debug|x64
		{BF870FBA-B875-4D06-86A0-8D033BB6DFE4}.Debug|x86.ActiveCfg = Debug|Win32
		{BF870FBA-B875-4D06-86A0-8D033BB6DFE4}.Debug|x86.Build.0 = Debug|Win32
		{BF870FBA-B875-4D06-86A0-8D033BB6DFE4}.Release|x64.ActiveCfg = Release|x64
		{BF870FBA-B875-4D06-86A0-8D033BB6DFE4}.Release|x64.Build.0 = Release|x64
		{BF870FBA-B875-4D06-86A0-8D033BB6DFE4}.Release|x86.ActiveCfg = Release|Win32
		{BF870FBA-B875-4D06-86A0-8D033BB6DFE4}.Release|x86.Build.0 = Release|Win32
	EndGlobalSection
	GlobalSection(SolutionProperties) = preSolution
		HideSolutionNode = FALSE
	EndGlobalSection
	GlobalSection(ExtensibilityGlobals) = postSolution
		SolutionGuid = {91FFD668-5E53-4F7F-B986-A06900A4E0B7}
	EndGlobalSection
EndGlobal
