
Microsoft Visual Studio Solution File, Format Version 12.00
# Visual Studio 15
VisualStudioVersion = 15.0.27130.2027
MinimumVisualStudioVersion = 10.0.40219.1
Project("{8BC9CEB8-8B4A-11D0-8D11-00A0C91BC942}") = "sample1", "sample1\sample1.vcxproj", "{32A4D18F-D1B5-4015-9FDB-1A47A9712233}"
EndProject
Project("{8BC9CEB8-8B4A-11D0-8D11-00A0C91BC942}") = "box", "box\box.vcxproj", "{36D7EEB6-6901-4164-B09B-0570B910AF69}"
EndProject
Project("{8BC9CEB8-8B4A-11D0-8D11-00A0C91BC942}") = "sample2", "sample2\sample2.vcxproj", "{FBC98584-E3E0-4264-A13C-059A5F6AA8D5}"
EndProject
Project("{8BC9CEB8-8B4A-11D0-8D11-00A0C91BC942}") = "sample3", "sample3\sample3.vcxproj", "{FE72255D-CEA5-412A-906B-664BBF1A8477}"
EndProject
Project("{8BC9CEB8-8B4A-11D0-8D11-00A0C91BC942}") = "DirectXTK12", "DirectXTK12\DirectXTK_Desktop_2017_Win10.vcxproj", "{3E0E8608-CD9B-4C76-AF33-29CA38F2C9F0}"
EndProject
Project("{8BC9CEB8-8B4A-11D0-8D11-00A0C91BC942}") = "DirectWrite-sample1", "DirectWrite-sample1\DirectWrite-sample1.vcxproj", "{36582B1D-1610-4AF8-B0A1-FB4B329A3208}"
EndProject
Global
	GlobalSection(SolutionConfigurationPlatforms) = preSolution
		Debug|x64 = Debug|x64
		Debug|x86 = Debug|x86
		Release|x64 = Release|x64
		Release|x86 = Release|x86
	EndGlobalSection
	GlobalSection(ProjectConfigurationPlatforms) = postSolution
		{32A4D18F-D1B5-4015-9FDB-1A47A9712233}.Debug|x64.ActiveCfg = Debug|x64
		{32A4D18F-D1B5-4015-9FDB-1A47A9712233}.Debug|x64.Build.0 = Debug|x64
		{32A4D18F-D1B5-4015-9FDB-1A47A9712233}.Debug|x86.ActiveCfg = Debug|Win32
		{32A4D18F-D1B5-4015-9FDB-1A47A9712233}.Debug|x86.Build.0 = Debug|Win32
		{32A4D18F-D1B5-4015-9FDB-1A47A9712233}.Release|x64.ActiveCfg = Release|x64
		{32A4D18F-D1B5-4015-9FDB-1A47A9712233}.Release|x64.Build.0 = Release|x64
		{32A4D18F-D1B5-4015-9FDB-1A47A9712233}.Release|x86.ActiveCfg = Release|Win32
		{32A4D18F-D1B5-4015-9FDB-1A47A9712233}.Release|x86.Build.0 = Release|Win32
		{36D7EEB6-6901-4164-B09B-0570B910AF69}.Debug|x64.ActiveCfg = Debug|x64
		{36D7EEB6-6901-4164-B09B-0570B910AF69}.Debug|x64.Build.0 = Debug|x64
		{36D7EEB6-6901-4164-B09B-0570B910AF69}.Debug|x86.ActiveCfg = Debug|Win32
		{36D7EEB6-6901-4164-B09B-0570B910AF69}.Debug|x86.Build.0 = Debug|Win32
		{36D7EEB6-6901-4164-B09B-0570B910AF69}.Release|x64.ActiveCfg = Release|x64
		{36D7EEB6-6901-4164-B09B-0570B910AF69}.Release|x64.Build.0 = Release|x64
		{36D7EEB6-6901-4164-B09B-0570B910AF69}.Release|x86.ActiveCfg = Release|Win32
		{36D7EEB6-6901-4164-B09B-0570B910AF69}.Release|x86.Build.0 = Release|Win32
		{FBC98584-E3E0-4264-A13C-059A5F6AA8D5}.Debug|x64.ActiveCfg = Debug|x64
		{FBC98584-E3E0-4264-A13C-059A5F6AA8D5}.Debug|x64.Build.0 = Debug|x64
		{FBC98584-E3E0-4264-A13C-059A5F6AA8D5}.Debug|x86.ActiveCfg = Debug|Win32
		{FBC98584-E3E0-4264-A13C-059A5F6AA8D5}.Debug|x86.Build.0 = Debug|Win32
		{FBC98584-E3E0-4264-A13C-059A5F6AA8D5}.Release|x64.ActiveCfg = Release|x64
		{FBC98584-E3E0-4264-A13C-059A5F6AA8D5}.Release|x64.Build.0 = Release|x64
		{FBC98584-E3E0-4264-A13C-059A5F6AA8D5}.Release|x86.ActiveCfg = Release|Win32
		{FBC98584-E3E0-4264-A13C-059A5F6AA8D5}.Release|x86.Build.0 = Release|Win32
		{FE72255D-CEA5-412A-906B-664BBF1A8477}.Debug|x64.ActiveCfg = Debug|x64
		{FE72255D-CEA5-412A-906B-664BBF1A8477}.Debug|x64.Build.0 = Debug|x64
		{FE72255D-CEA5-412A-906B-664BBF1A8477}.Debug|x86.ActiveCfg = Debug|Win32
		{FE72255D-CEA5-412A-906B-664BBF1A8477}.Debug|x86.Build.0 = Debug|Win32
		{FE72255D-CEA5-412A-906B-664BBF1A8477}.Release|x64.ActiveCfg = Release|x64
		{FE72255D-CEA5-412A-906B-664BBF1A8477}.Release|x64.Build.0 = Release|x64
		{FE72255D-CEA5-412A-906B-664BBF1A8477}.Release|x86.ActiveCfg = Release|Win32
		{FE72255D-CEA5-412A-906B-664BBF1A8477}.Release|x86.Build.0 = Release|Win32
		{3E0E8608-CD9B-4C76-AF33-29CA38F2C9F0}.Debug|x64.ActiveCfg = Debug|x64
		{3E0E8608-CD9B-4C76-AF33-29CA38F2C9F0}.Debug|x64.Build.0 = Debug|x64
		{3E0E8608-CD9B-4C76-AF33-29CA38F2C9F0}.Debug|x86.ActiveCfg = Debug|Win32
		{3E0E8608-CD9B-4C76-AF33-29CA38F2C9F0}.Debug|x86.Build.0 = Debug|Win32
		{3E0E8608-CD9B-4C76-AF33-29CA38F2C9F0}.Release|x64.ActiveCfg = Release|x64
		{3E0E8608-CD9B-4C76-AF33-29CA38F2C9F0}.Release|x64.Build.0 = Release|x64
		{3E0E8608-CD9B-4C76-AF33-29CA38F2C9F0}.Release|x86.ActiveCfg = Release|Win32
		{3E0E8608-CD9B-4C76-AF33-29CA38F2C9F0}.Release|x86.Build.0 = Release|Win32
		{36582B1D-1610-4AF8-B0A1-FB4B329A3208}.Debug|x64.ActiveCfg = Debug|x64
		{36582B1D-1610-4AF8-B0A1-FB4B329A3208}.Debug|x64.Build.0 = Debug|x64
		{36582B1D-1610-4AF8-B0A1-FB4B329A3208}.Debug|x86.ActiveCfg = Debug|Win32
		{36582B1D-1610-4AF8-B0A1-FB4B329A3208}.Debug|x86.Build.0 = Debug|Win32
		{36582B1D-1610-4AF8-B0A1-FB4B329A3208}.Release|x64.ActiveCfg = Release|x64
		{36582B1D-1610-4AF8-B0A1-FB4B329A3208}.Release|x64.Build.0 = Release|x64
		{36582B1D-1610-4AF8-B0A1-FB4B329A3208}.Release|x86.ActiveCfg = Release|Win32
		{36582B1D-1610-4AF8-B0A1-FB4B329A3208}.Release|x86.Build.0 = Release|Win32
	EndGlobalSection
	GlobalSection(SolutionProperties) = preSolution
		HideSolutionNode = FALSE
	EndGlobalSection
	GlobalSection(ExtensibilityGlobals) = postSolution
		SolutionGuid = {78C3ED68-3D88-4D62-9C26-2FB15FC53C9F}
	EndGlobalSection
EndGlobal
