
Microsoft Visual Studio Solution File, Format Version 12.00
# Visual Studio 15
VisualStudioVersion = 15.0.27703.2035
MinimumVisualStudioVersion = 10.0.40219.1
Project("{8BC9CEB8-8B4A-11D0-8D11-00A0C91BC942}") = "asio-learn", "asio-learn\asio-learn.vcxproj", "{366F48AB-B945-4DCE-8BDD-B9BED14E0813}"
EndProject
Global
	GlobalSection(SolutionConfigurationPlatforms) = preSolution
		Debug|x64 = Debug|x64
		Debug|x86 = Debug|x86
		Release|x64 = Release|x64
		Release|x86 = Release|x86
	EndGlobalSection
	GlobalSection(ProjectConfigurationPlatforms) = postSolution
		{366F48AB-B945-4DCE-8BDD-B9BED14E0813}.Debug|x64.ActiveCfg = Debug|x64
		{366F48AB-B945-4DCE-8BDD-B9BED14E0813}.Debug|x64.Build.0 = Debug|x64
		{366F48AB-B945-4DCE-8BDD-B9BED14E0813}.Debug|x86.ActiveCfg = Debug|Win32
		{366F48AB-B945-4DCE-8BDD-B9BED14E0813}.Debug|x86.Build.0 = Debug|Win32
		{366F48AB-B945-4DCE-8BDD-B9BED14E0813}.Release|x64.ActiveCfg = Release|x64
		{366F48AB-B945-4DCE-8BDD-B9BED14E0813}.Release|x64.Build.0 = Release|x64
		{366F48AB-B945-4DCE-8BDD-B9BED14E0813}.Release|x86.ActiveCfg = Release|Win32
		{366F48AB-B945-4DCE-8BDD-B9BED14E0813}.Release|x86.Build.0 = Release|Win32
	EndGlobalSection
	GlobalSection(SolutionProperties) = preSolution
		HideSolutionNode = FALSE
	EndGlobalSection
	GlobalSection(ExtensibilityGlobals) = postSolution
		SolutionGuid = {D4B21D0C-3BF7-4B94-AC33-3EE923AE9D03}
	EndGlobalSection
EndGlobal
